
Microsoft Visual Studio Solution File, Format Version 12.00
# Visual Studio Version 16
VisualStudioVersion = 16.0.32413.511
MinimumVisualStudioVersion = 10.0.40219.1
Project("{8BC9CEB8-8B4A-11D0-8D11-00A0C91BC942}") = "Calculator_MartinezMiguel", "Calculator_MartinezMiguel.vcxproj", "{A0AA802B-A937-4967-AB14-0912C9F17099}"
EndProject
Project("{8BC9CEB8-8B4A-11D0-8D11-00A0C91BC942}") = "Calculator_MartinezMiguel_Tests", "Calculator_MartinezMiguel_Tests\Calculator_MartinezMiguel_Tests.vcxproj", "{66547256-0D59-4C2A-833F-3B5E27E305B3}"
EndProject
Global
	GlobalSection(SolutionConfigurationPlatforms) = preSolution
		Debug|x64 = Debug|x64
		Debug|x86 = Debug|x86
		Release|x64 = Release|x64
		Release|x86 = Release|x86
	EndGlobalSection
	GlobalSection(ProjectConfigurationPlatforms) = postSolution
		{A0AA802B-A937-4967-AB14-0912C9F17099}.Debug|x64.ActiveCfg = Debug|x64
		{A0AA802B-A937-4967-AB14-0912C9F17099}.Debug|x64.Build.0 = Debug|x64
		{A0AA802B-A937-4967-AB14-0912C9F17099}.Debug|x86.ActiveCfg = Debug|Win32
		{A0AA802B-A937-4967-AB14-0912C9F17099}.Debug|x86.Build.0 = Debug|Win32
		{A0AA802B-A937-4967-AB14-0912C9F17099}.Release|x64.ActiveCfg = Release|x64
		{A0AA802B-A937-4967-AB14-0912C9F17099}.Release|x64.Build.0 = Release|x64
		{A0AA802B-A937-4967-AB14-0912C9F17099}.Release|x86.ActiveCfg = Release|Win32
		{A0AA802B-A937-4967-AB14-0912C9F17099}.Release|x86.Build.0 = Release|Win32
		{66547256-0D59-4C2A-833F-3B5E27E305B3}.Debug|x64.ActiveCfg = Debug|x64
		{66547256-0D59-4C2A-833F-3B5E27E305B3}.Debug|x64.Build.0 = Debug|x64
		{66547256-0D59-4C2A-833F-3B5E27E305B3}.Debug|x86.ActiveCfg = Debug|Win32
		{66547256-0D59-4C2A-833F-3B5E27E305B3}.Debug|x86.Build.0 = Debug|Win32
		{66547256-0D59-4C2A-833F-3B5E27E305B3}.Release|x64.ActiveCfg = Release|x64
		{66547256-0D59-4C2A-833F-3B5E27E305B3}.Release|x64.Build.0 = Release|x64
		{66547256-0D59-4C2A-833F-3B5E27E305B3}.Release|x86.ActiveCfg = Release|Win32
		{66547256-0D59-4C2A-833F-3B5E27E305B3}.Release|x86.Build.0 = Release|Win32
	EndGlobalSection
	GlobalSection(SolutionProperties) = preSolution
		HideSolutionNode = FALSE
	EndGlobalSection
	GlobalSection(ExtensibilityGlobals) = postSolution
		SolutionGuid = {83231824-4EAC-475D-AC73-6A94EE89C6A5}
	EndGlobalSection
EndGlobal
